
Microsoft Visual Studio Solution File, Format Version 12.00
# Visual Studio Version 17
VisualStudioVersion = 17.3.32804.467
MinimumVisualStudioVersion = 10.0.40219.1
Project("{9A19103F-16F7-4668-BE54-9A1E7A4F7556}") = "MovieStore.Main", "MoviesRentalSystem\MovieStore.Main.csproj", "{EC3A41D9-BC44-4415-B0C7-54C87C849E10}"
EndProject
Project("{9A19103F-16F7-4668-BE54-9A1E7A4F7556}") = "MovieStore.DAL", "DAL\MovieStore.DAL.csproj", "{CE77D97C-1FAA-43D2-BF40-9AC75BB4CE79}"
EndProject
Project("{FAE04EC0-301F-11D3-BF4B-00C04F79EFBC}") = "MovieStore.Entities", "MovieStore.Entities\MovieStore.Entities.csproj", "{01370DDA-46F8-4DDE-9AF5-8C9F9FD3C0CC}"
EndProject
Project("{FAE04EC0-301F-11D3-BF4B-00C04F79EFBC}") = "MoviesRentalSystemDBFirst", "MoviesRentalSystemDBFirst\MoviesRentalSystemDBFirst.csproj", "{FF162A29-6A52-444A-AFC7-6C3F867BA315}"
EndProject
Global
	GlobalSection(SolutionConfigurationPlatforms) = preSolution
		Debug|Any CPU = Debug|Any CPU
		Release|Any CPU = Release|Any CPU
	EndGlobalSection
	GlobalSection(ProjectConfigurationPlatforms) = postSolution
		{EC3A41D9-BC44-4415-B0C7-54C87C849E10}.Debug|Any CPU.ActiveCfg = Debug|Any CPU
		{EC3A41D9-BC44-4415-B0C7-54C87C849E10}.Debug|Any CPU.Build.0 = Debug|Any CPU
		{EC3A41D9-BC44-4415-B0C7-54C87C849E10}.Release|Any CPU.ActiveCfg = Release|Any CPU
		{EC3A41D9-BC44-4415-B0C7-54C87C849E10}.Release|Any CPU.Build.0 = Release|Any CPU
		{CE77D97C-1FAA-43D2-BF40-9AC75BB4CE79}.Debug|Any CPU.ActiveCfg = Debug|Any CPU
		{CE77D97C-1FAA-43D2-BF40-9AC75BB4CE79}.Debug|Any CPU.Build.0 = Debug|Any CPU
		{CE77D97C-1FAA-43D2-BF40-9AC75BB4CE79}.Release|Any CPU.ActiveCfg = Release|Any CPU
		{CE77D97C-1FAA-43D2-BF40-9AC75BB4CE79}.Release|Any CPU.Build.0 = Release|Any CPU
		{01370DDA-46F8-4DDE-9AF5-8C9F9FD3C0CC}.Debug|Any CPU.ActiveCfg = Debug|Any CPU
		{01370DDA-46F8-4DDE-9AF5-8C9F9FD3C0CC}.Debug|Any CPU.Build.0 = Debug|Any CPU
		{01370DDA-46F8-4DDE-9AF5-8C9F9FD3C0CC}.Release|Any CPU.ActiveCfg = Release|Any CPU
		{01370DDA-46F8-4DDE-9AF5-8C9F9FD3C0CC}.Release|Any CPU.Build.0 = Release|Any CPU
		{FF162A29-6A52-444A-AFC7-6C3F867BA315}.Debug|Any CPU.ActiveCfg = Debug|Any CPU
		{FF162A29-6A52-444A-AFC7-6C3F867BA315}.Debug|Any CPU.Build.0 = Debug|Any CPU
		{FF162A29-6A52-444A-AFC7-6C3F867BA315}.Release|Any CPU.ActiveCfg = Release|Any CPU
		{FF162A29-6A52-444A-AFC7-6C3F867BA315}.Release|Any CPU.Build.0 = Release|Any CPU
	EndGlobalSection
	GlobalSection(SolutionProperties) = preSolution
		HideSolutionNode = FALSE
	EndGlobalSection
	GlobalSection(ExtensibilityGlobals) = postSolution
		SolutionGuid = {6CE4D0FA-D9DD-420D-9213-3CB185C43EC4}
	EndGlobalSection
EndGlobal
